// !$*UTF8*$!
{
	archiveVersion = 1;
	classes = {
	};
	objectVersion = 56;
	objects = {

/* Begin PBXBuildFile section */
		DB00D1AE2A1272CE006E0AE4 /* AppDelegate.swift in Sources */ = {isa = PBXBuildFile; fileRef = DB00D1AD2A1272CE006E0AE4 /* AppDelegate.swift */; };
		DB00D1B02A1272CE006E0AE4 /* SceneDelegate.swift in Sources */ = {isa = PBXBuildFile; fileRef = DB00D1AF2A1272CE006E0AE4 /* SceneDelegate.swift */; };
		DB00D1B22A1272CE006E0AE4 /* MainTabBarViewController.swift in Sources */ = {isa = PBXBuildFile; fileRef = DB00D1B12A1272CE006E0AE4 /* MainTabBarViewController.swift */; };
		DB00D1B72A1272CF006E0AE4 /* Assets.xcassets in Resources */ = {isa = PBXBuildFile; fileRef = DB00D1B62A1272CF006E0AE4 /* Assets.xcassets */; };
		DB00D1BA2A1272CF006E0AE4 /* LaunchScreen.storyboard in Resources */ = {isa = PBXBuildFile; fileRef = DB00D1B82A1272CF006E0AE4 /* LaunchScreen.storyboard */; };
		DB6E55202A14C6640026D91D /* TitleTableViewCell.swift in Sources */ = {isa = PBXBuildFile; fileRef = DB6E551F2A14C6640026D91D /* TitleTableViewCell.swift */; };
		DB6E55222A14C8790026D91D /* TitleViewModel.swift in Sources */ = {isa = PBXBuildFile; fileRef = DB6E55212A14C8790026D91D /* TitleViewModel.swift */; };
		DB6E55242A14DDF20026D91D /* SearchResultsViewController.swift in Sources */ = {isa = PBXBuildFile; fileRef = DB6E55232A14DDF20026D91D /* SearchResultsViewController.swift */; };
		DB6E55262A1509D60026D91D /* YoutubeSearchResponse.swift in Sources */ = {isa = PBXBuildFile; fileRef = DB6E55252A1509D60026D91D /* YoutubeSearchResponse.swift */; };
		DB6E55282A150CF50026D91D /* TitlePreviewViewController.swift in Sources */ = {isa = PBXBuildFile; fileRef = DB6E55272A150CF50026D91D /* TitlePreviewViewController.swift */; };
		DB6E552A2A15108D0026D91D /* TitlePreviewViewModel.swift in Sources */ = {isa = PBXBuildFile; fileRef = DB6E55292A15108D0026D91D /* TitlePreviewViewModel.swift */; };
		DB6F294E2A137AC000447DFA /* HomeViewController.swift in Sources */ = {isa = PBXBuildFile; fileRef = DB6F294D2A137AC000447DFA /* HomeViewController.swift */; };
		DB6F29502A137ACC00447DFA /* SearchViewController.swift in Sources */ = {isa = PBXBuildFile; fileRef = DB6F294F2A137ACC00447DFA /* SearchViewController.swift */; };
		DB6F29522A137AD600447DFA /* UpcomingViewController.swift in Sources */ = {isa = PBXBuildFile; fileRef = DB6F29512A137AD600447DFA /* UpcomingViewController.swift */; };
		DB6F29542A137AE500447DFA /* DownloadsViewController.swift in Sources */ = {isa = PBXBuildFile; fileRef = DB6F29532A137AE500447DFA /* DownloadsViewController.swift */; };
		DB6F295A2A1386F100447DFA /* CollectionViewTableViewCell.swift in Sources */ = {isa = PBXBuildFile; fileRef = DB6F29592A1386F100447DFA /* CollectionViewTableViewCell.swift */; };
		DB6F295C2A13B51300447DFA /* HeaderUIView.swift in Sources */ = {isa = PBXBuildFile; fileRef = DB6F295B2A13B51300447DFA /* HeaderUIView.swift */; };
		DB6F295E2A13CE5800447DFA /* TitleCollectionViewCell.swift in Sources */ = {isa = PBXBuildFile; fileRef = DB6F295D2A13CE5800447DFA /* TitleCollectionViewCell.swift */; };
		DB6F29612A13CF2500447DFA /* SDWebImage in Frameworks */ = {isa = PBXBuildFile; productRef = DB6F29602A13CF2500447DFA /* SDWebImage */; };
		DB6F29632A13CF2500447DFA /* SDWebImageMapKit in Frameworks */ = {isa = PBXBuildFile; productRef = DB6F29622A13CF2500447DFA /* SDWebImageMapKit */; };
		DB6F29652A13D04B00447DFA /* Title.swift in Sources */ = {isa = PBXBuildFile; fileRef = DB6F29642A13D04B00447DFA /* Title.swift */; };
		DB6F29682A13D07B00447DFA /* APICaller.swift in Sources */ = {isa = PBXBuildFile; fileRef = DB6F29672A13D07B00447DFA /* APICaller.swift */; };
		DB6F296A2A13D08500447DFA /* Constants.swift in Sources */ = {isa = PBXBuildFile; fileRef = DB6F29692A13D08500447DFA /* Constants.swift */; };
/* End PBXBuildFile section */

/* Begin PBXFileReference section */
		DB00D1AA2A1272CE006E0AE4 /* Cinemy.app */ = {isa = PBXFileReference; explicitFileType = wrapper.application; includeInIndex = 0; path = Cinemy.app; sourceTree = BUILT_PRODUCTS_DIR; };
		DB00D1AD2A1272CE006E0AE4 /* AppDelegate.swift */ = {isa = PBXFileReference; lastKnownFileType = sourcecode.swift; path = AppDelegate.swift; sourceTree = "<group>"; };
		DB00D1AF2A1272CE006E0AE4 /* SceneDelegate.swift */ = {isa = PBXFileReference; lastKnownFileType = sourcecode.swift; path = SceneDelegate.swift; sourceTree = "<group>"; };
		DB00D1B12A1272CE006E0AE4 /* MainTabBarViewController.swift */ = {isa = PBXFileReference; lastKnownFileType = sourcecode.swift; path = MainTabBarViewController.swift; sourceTree = "<group>"; };
		DB00D1B62A1272CF006E0AE4 /* Assets.xcassets */ = {isa = PBXFileReference; lastKnownFileType = folder.assetcatalog; path = Assets.xcassets; sourceTree = "<group>"; };
		DB00D1B92A1272CF006E0AE4 /* Base */ = {isa = PBXFileReference; lastKnownFileType = file.storyboard; name = Base; path = Base.lproj/LaunchScreen.storyboard; sourceTree = "<group>"; };
		DB00D1BB2A1272CF006E0AE4 /* Info.plist */ = {isa = PBXFileReference; lastKnownFileType = text.plist.xml; path = Info.plist; sourceTree = "<group>"; };
		DB6E551F2A14C6640026D91D /* TitleTableViewCell.swift */ = {isa = PBXFileReference; lastKnownFileType = sourcecode.swift; path = TitleTableViewCell.swift; sourceTree = "<group>"; };
		DB6E55212A14C8790026D91D /* TitleViewModel.swift */ = {isa = PBXFileReference; lastKnownFileType = sourcecode.swift; path = TitleViewModel.swift; sourceTree = "<group>"; };
		DB6E55232A14DDF20026D91D /* SearchResultsViewController.swift */ = {isa = PBXFileReference; lastKnownFileType = sourcecode.swift; path = SearchResultsViewController.swift; sourceTree = "<group>"; };
		DB6E55252A1509D60026D91D /* YoutubeSearchResponse.swift */ = {isa = PBXFileReference; lastKnownFileType = sourcecode.swift; path = YoutubeSearchResponse.swift; sourceTree = "<group>"; };
		DB6E55272A150CF50026D91D /* TitlePreviewViewController.swift */ = {isa = PBXFileReference; lastKnownFileType = sourcecode.swift; path = TitlePreviewViewController.swift; sourceTree = "<group>"; };
		DB6E55292A15108D0026D91D /* TitlePreviewViewModel.swift */ = {isa = PBXFileReference; lastKnownFileType = sourcecode.swift; path = TitlePreviewViewModel.swift; sourceTree = "<group>"; };
		DB6F294D2A137AC000447DFA /* HomeViewController.swift */ = {isa = PBXFileReference; lastKnownFileType = sourcecode.swift; path = HomeViewController.swift; sourceTree = "<group>"; };
		DB6F294F2A137ACC00447DFA /* SearchViewController.swift */ = {isa = PBXFileReference; lastKnownFileType = sourcecode.swift; path = SearchViewController.swift; sourceTree = "<group>"; };
		DB6F29512A137AD600447DFA /* UpcomingViewController.swift */ = {isa = PBXFileReference; lastKnownFileType = sourcecode.swift; path = UpcomingViewController.swift; sourceTree = "<group>"; };
		DB6F29532A137AE500447DFA /* DownloadsViewController.swift */ = {isa = PBXFileReference; lastKnownFileType = sourcecode.swift; path = DownloadsViewController.swift; sourceTree = "<group>"; };
		DB6F29592A1386F100447DFA /* CollectionViewTableViewCell.swift */ = {isa = PBXFileReference; lastKnownFileType = sourcecode.swift; path = CollectionViewTableViewCell.swift; sourceTree = "<group>"; };
		DB6F295B2A13B51300447DFA /* HeaderUIView.swift */ = {isa = PBXFileReference; lastKnownFileType = sourcecode.swift; path = HeaderUIView.swift; sourceTree = "<group>"; };
		DB6F295D2A13CE5800447DFA /* TitleCollectionViewCell.swift */ = {isa = PBXFileReference; lastKnownFileType = sourcecode.swift; path = TitleCollectionViewCell.swift; sourceTree = "<group>"; };
		DB6F29642A13D04B00447DFA /* Title.swift */ = {isa = PBXFileReference; lastKnownFileType = sourcecode.swift; path = Title.swift; sourceTree = "<group>"; };
		DB6F29672A13D07B00447DFA /* APICaller.swift */ = {isa = PBXFileReference; lastKnownFileType = sourcecode.swift; path = APICaller.swift; sourceTree = "<group>"; };
		DB6F29692A13D08500447DFA /* Constants.swift */ = {isa = PBXFileReference; lastKnownFileType = sourcecode.swift; path = Constants.swift; sourceTree = "<group>"; };
/* End PBXFileReference section */

/* Begin PBXFrameworksBuildPhase section */
		DB00D1A72A1272CE006E0AE4 /* Frameworks */ = {
			isa = PBXFrameworksBuildPhase;
			buildActionMask = 2147483647;
			files = (
				DB6F29632A13CF2500447DFA /* SDWebImageMapKit in Frameworks */,
				DB6F29612A13CF2500447DFA /* SDWebImage in Frameworks */,
			);
			runOnlyForDeploymentPostprocessing = 0;
		};
/* End PBXFrameworksBuildPhase section */

/* Begin PBXGroup section */
		DB00D1A12A1272CE006E0AE4 = {
			isa = PBXGroup;
			children = (
				DB00D1AC2A1272CE006E0AE4 /* Cinemy */,
				DB00D1AB2A1272CE006E0AE4 /* Products */,
			);
			sourceTree = "<group>";
		};
		DB00D1AB2A1272CE006E0AE4 /* Products */ = {
			isa = PBXGroup;
			children = (
				DB00D1AA2A1272CE006E0AE4 /* Cinemy.app */,
			);
			name = Products;
			sourceTree = "<group>";
		};
		DB00D1AC2A1272CE006E0AE4 /* Cinemy */ = {
			isa = PBXGroup;
			children = (
				DB6F29662A13D05700447DFA /* Helper */,
				DB6F29552A1386B800447DFA /* Scenes */,
				DB6F294C2A137AAF00447DFA /* Controllers */,
				DB00D1AD2A1272CE006E0AE4 /* AppDelegate.swift */,
				DB00D1AF2A1272CE006E0AE4 /* SceneDelegate.swift */,
				DB00D1B62A1272CF006E0AE4 /* Assets.xcassets */,
				DB00D1B82A1272CF006E0AE4 /* LaunchScreen.storyboard */,
				DB00D1BB2A1272CF006E0AE4 /* Info.plist */,
			);
			path = Cinemy;
			sourceTree = "<group>";
		};
		DB6F294C2A137AAF00447DFA /* Controllers */ = {
			isa = PBXGroup;
			children = (
				DB00D1B12A1272CE006E0AE4 /* MainTabBarViewController.swift */,
				DB6F294D2A137AC000447DFA /* HomeViewController.swift */,
				DB6F294F2A137ACC00447DFA /* SearchViewController.swift */,
				DB6F29512A137AD600447DFA /* UpcomingViewController.swift */,
				DB6F29532A137AE500447DFA /* DownloadsViewController.swift */,
				DB6E55232A14DDF20026D91D /* SearchResultsViewController.swift */,
				DB6E55272A150CF50026D91D /* TitlePreviewViewController.swift */,
			);
			path = Controllers;
			sourceTree = "<group>";
		};
		DB6F29552A1386B800447DFA /* Scenes */ = {
			isa = PBXGroup;
			children = (
				DB6F29562A1386C100447DFA /* Model */,
				DB6F29572A1386C600447DFA /* View */,
				DB6F29582A1386CA00447DFA /* ViewModel */,
			);
			path = Scenes;
			sourceTree = "<group>";
		};
		DB6F29562A1386C100447DFA /* Model */ = {
			isa = PBXGroup;
			children = (
				DB6F29642A13D04B00447DFA /* Title.swift */,
				DB6E55212A14C8790026D91D /* TitleViewModel.swift */,
				DB6E55252A1509D60026D91D /* YoutubeSearchResponse.swift */,
				DB6E55292A15108D0026D91D /* TitlePreviewViewModel.swift */,
			);
			path = Model;
			sourceTree = "<group>";
		};
		DB6F29572A1386C600447DFA /* View */ = {
			isa = PBXGroup;
			children = (
				DB6F29592A1386F100447DFA /* CollectionViewTableViewCell.swift */,
				DB6F295B2A13B51300447DFA /* HeaderUIView.swift */,
				DB6F295D2A13CE5800447DFA /* TitleCollectionViewCell.swift */,
				DB6E551F2A14C6640026D91D /* TitleTableViewCell.swift */,
			);
			path = View;
			sourceTree = "<group>";
		};
		DB6F29582A1386CA00447DFA /* ViewModel */ = {
			isa = PBXGroup;
			children = (
			);
			path = ViewModel;
			sourceTree = "<group>";
		};
		DB6F29662A13D05700447DFA /* Helper */ = {
			isa = PBXGroup;
			children = (
				DB6F29672A13D07B00447DFA /* APICaller.swift */,
				DB6F29692A13D08500447DFA /* Constants.swift */,
			);
			path = Helper;
			sourceTree = "<group>";
		};
/* End PBXGroup section */

/* Begin PBXNativeTarget section */
		DB00D1A92A1272CE006E0AE4 /* Cinemy */ = {
			isa = PBXNativeTarget;
			buildConfigurationList = DB00D1BE2A1272CF006E0AE4 /* Build configuration list for PBXNativeTarget "Cinemy" */;
			buildPhases = (
				DB00D1A62A1272CE006E0AE4 /* Sources */,
				DB00D1A72A1272CE006E0AE4 /* Frameworks */,
				DB00D1A82A1272CE006E0AE4 /* Resources */,
			);
			buildRules = (
			);
			dependencies = (
			);
			name = Cinemy;
			packageProductDependencies = (
				DB6F29602A13CF2500447DFA /* SDWebImage */,
				DB6F29622A13CF2500447DFA /* SDWebImageMapKit */,
			);
			productName = Cinemy;
			productReference = DB00D1AA2A1272CE006E0AE4 /* Cinemy.app */;
			productType = "com.apple.product-type.application";
		};
/* End PBXNativeTarget section */

/* Begin PBXProject section */
		DB00D1A22A1272CE006E0AE4 /* Project object */ = {
			isa = PBXProject;
			attributes = {
				BuildIndependentTargetsInParallel = 1;
				LastSwiftUpdateCheck = 1420;
				LastUpgradeCheck = 1420;
				TargetAttributes = {
					DB00D1A92A1272CE006E0AE4 = {
						CreatedOnToolsVersion = 14.2;
					};
				};
			};
			buildConfigurationList = DB00D1A52A1272CE006E0AE4 /* Build configuration list for PBXProject "Cinemy" */;
			compatibilityVersion = "Xcode 14.0";
			developmentRegion = en;
			hasScannedForEncodings = 0;
			knownRegions = (
				en,
				Base,
			);
			mainGroup = DB00D1A12A1272CE006E0AE4;
			packageReferences = (
				DB6F295F2A13CF2500447DFA /* XCRemoteSwiftPackageReference "SDWebImage" */,
			);
			productRefGroup = DB00D1AB2A1272CE006E0AE4 /* Products */;
			projectDirPath = "";
			projectRoot = "";
			targets = (
				DB00D1A92A1272CE006E0AE4 /* Cinemy */,
			);
		};
/* End PBXProject section */

/* Begin PBXResourcesBuildPhase section */
		DB00D1A82A1272CE006E0AE4 /* Resources */ = {
			isa = PBXResourcesBuildPhase;
			buildActionMask = 2147483647;
			files = (
				DB00D1BA2A1272CF006E0AE4 /* LaunchScreen.storyboard in Resources */,
				DB00D1B72A1272CF006E0AE4 /* Assets.xcassets in Resources */,
			);
			runOnlyForDeploymentPostprocessing = 0;
		};
/* End PBXResourcesBuildPhase section */

/* Begin PBXSourcesBuildPhase section */
		DB00D1A62A1272CE006E0AE4 /* Sources */ = {
			isa = PBXSourcesBuildPhase;
			buildActionMask = 2147483647;
			files = (
				DB6E55202A14C6640026D91D /* TitleTableViewCell.swift in Sources */,
				DB6F29522A137AD600447DFA /* UpcomingViewController.swift in Sources */,
				DB6F29502A137ACC00447DFA /* SearchViewController.swift in Sources */,
				DB6F29652A13D04B00447DFA /* Title.swift in Sources */,
				DB6F295A2A1386F100447DFA /* CollectionViewTableViewCell.swift in Sources */,
				DB6F295C2A13B51300447DFA /* HeaderUIView.swift in Sources */,
				DB6F29542A137AE500447DFA /* DownloadsViewController.swift in Sources */,
				DB00D1B22A1272CE006E0AE4 /* MainTabBarViewController.swift in Sources */,
				DB6F296A2A13D08500447DFA /* Constants.swift in Sources */,
				DB6E55242A14DDF20026D91D /* SearchResultsViewController.swift in Sources */,
				DB6F29682A13D07B00447DFA /* APICaller.swift in Sources */,
				DB6E55262A1509D60026D91D /* YoutubeSearchResponse.swift in Sources */,
				DB00D1AE2A1272CE006E0AE4 /* AppDelegate.swift in Sources */,
				DB6E552A2A15108D0026D91D /* TitlePreviewViewModel.swift in Sources */,
				DB6F295E2A13CE5800447DFA /* TitleCollectionViewCell.swift in Sources */,
				DB6E55282A150CF50026D91D /* TitlePreviewViewController.swift in Sources */,
				DB00D1B02A1272CE006E0AE4 /* SceneDelegate.swift in Sources */,
				DB6F294E2A137AC000447DFA /* HomeViewController.swift in Sources */,
				DB6E55222A14C8790026D91D /* TitleViewModel.swift in Sources */,
			);
			runOnlyForDeploymentPostprocessing = 0;
		};
/* End PBXSourcesBuildPhase section */

/* Begin PBXVariantGroup section */
		DB00D1B82A1272CF006E0AE4 /* LaunchScreen.storyboard */ = {
			isa = PBXVariantGroup;
			children = (
				DB00D1B92A1272CF006E0AE4 /* Base */,
			);
			name = LaunchScreen.storyboard;
			sourceTree = "<group>";
		};
/* End PBXVariantGroup section */

/* Begin XCBuildConfiguration section */
		DB00D1BC2A1272CF006E0AE4 /* Debug */ = {
			isa = XCBuildConfiguration;
			buildSettings = {
				ALWAYS_SEARCH_USER_PATHS = NO;
				CLANG_ANALYZER_NONNULL = YES;
				CLANG_ANALYZER_NUMBER_OBJECT_CONVERSION = YES_AGGRESSIVE;
				CLANG_CXX_LANGUAGE_STANDARD = "gnu++20";
				CLANG_ENABLE_MODULES = YES;
				CLANG_ENABLE_OBJC_ARC = YES;
				CLANG_ENABLE_OBJC_WEAK = YES;
				CLANG_WARN_BLOCK_CAPTURE_AUTORELEASING = YES;
				CLANG_WARN_BOOL_CONVERSION = YES;
				CLANG_WARN_COMMA = YES;
				CLANG_WARN_CONSTANT_CONVERSION = YES;
				CLANG_WARN_DEPRECATED_OBJC_IMPLEMENTATIONS = YES;
				CLANG_WARN_DIRECT_OBJC_ISA_USAGE = YES_ERROR;
				CLANG_WARN_DOCUMENTATION_COMMENTS = YES;
				CLANG_WARN_EMPTY_BODY = YES;
				CLANG_WARN_ENUM_CONVERSION = YES;
				CLANG_WARN_INFINITE_RECURSION = YES;
				CLANG_WARN_INT_CONVERSION = YES;
				CLANG_WARN_NON_LITERAL_NULL_CONVERSION = YES;
				CLANG_WARN_OBJC_IMPLICIT_RETAIN_SELF = YES;
				CLANG_WARN_OBJC_LITERAL_CONVERSION = YES;
				CLANG_WARN_OBJC_ROOT_CLASS = YES_ERROR;
				CLANG_WARN_QUOTED_INCLUDE_IN_FRAMEWORK_HEADER = YES;
				CLANG_WARN_RANGE_LOOP_ANALYSIS = YES;
				CLANG_WARN_STRICT_PROTOTYPES = YES;
				CLANG_WARN_SUSPICIOUS_MOVE = YES;
				CLANG_WARN_UNGUARDED_AVAILABILITY = YES_AGGRESSIVE;
				CLANG_WARN_UNREACHABLE_CODE = YES;
				CLANG_WARN__DUPLICATE_METHOD_MATCH = YES;
				COPY_PHASE_STRIP = NO;
				DEBUG_INFORMATION_FORMAT = dwarf;
				ENABLE_STRICT_OBJC_MSGSEND = YES;
				ENABLE_TESTABILITY = YES;
				GCC_C_LANGUAGE_STANDARD = gnu11;
				GCC_DYNAMIC_NO_PIC = NO;
				GCC_NO_COMMON_BLOCKS = YES;
				GCC_OPTIMIZATION_LEVEL = 0;
				GCC_PREPROCESSOR_DEFINITIONS = (
					"DEBUG=1",
					"$(inherited)",
				);
				GCC_WARN_64_TO_32_BIT_CONVERSION = YES;
				GCC_WARN_ABOUT_RETURN_TYPE = YES_ERROR;
				GCC_WARN_UNDECLARED_SELECTOR = YES;
				GCC_WARN_UNINITIALIZED_AUTOS = YES_AGGRESSIVE;
				GCC_WARN_UNUSED_FUNCTION = YES;
				GCC_WARN_UNUSED_VARIABLE = YES;
				IPHONEOS_DEPLOYMENT_TARGET = 16.2;
				MTL_ENABLE_DEBUG_INFO = INCLUDE_SOURCE;
				MTL_FAST_MATH = YES;
				ONLY_ACTIVE_ARCH = YES;
				SDKROOT = iphoneos;
				SWIFT_ACTIVE_COMPILATION_CONDITIONS = DEBUG;
				SWIFT_OPTIMIZATION_LEVEL = "-Onone";
			};
			name = Debug;
		};
		DB00D1BD2A1272CF006E0AE4 /* Release */ = {
			isa = XCBuildConfiguration;
			buildSettings = {
				ALWAYS_SEARCH_USER_PATHS = NO;
				CLANG_ANALYZER_NONNULL = YES;
				CLANG_ANALYZER_NUMBER_OBJECT_CONVERSION = YES_AGGRESSIVE;
				CLANG_CXX_LANGUAGE_STANDARD = "gnu++20";
				CLANG_ENABLE_MODULES = YES;
				CLANG_ENABLE_OBJC_ARC = YES;
				CLANG_ENABLE_OBJC_WEAK = YES;
				CLANG_WARN_BLOCK_CAPTURE_AUTORELEASING = YES;
				CLANG_WARN_BOOL_CONVERSION = YES;
				CLANG_WARN_COMMA = YES;
				CLANG_WARN_CONSTANT_CONVERSION = YES;
				CLANG_WARN_DEPRECATED_OBJC_IMPLEMENTATIONS = YES;
				CLANG_WARN_DIRECT_OBJC_ISA_USAGE = YES_ERROR;
				CLANG_WARN_DOCUMENTATION_COMMENTS = YES;
				CLANG_WARN_EMPTY_BODY = YES;
				CLANG_WARN_ENUM_CONVERSION = YES;
				CLANG_WARN_INFINITE_RECURSION = YES;
				CLANG_WARN_INT_CONVERSION = YES;
				CLANG_WARN_NON_LITERAL_NULL_CONVERSION = YES;
				CLANG_WARN_OBJC_IMPLICIT_RETAIN_SELF = YES;
				CLANG_WARN_OBJC_LITERAL_CONVERSION = YES;
				CLANG_WARN_OBJC_ROOT_CLASS = YES_ERROR;
				CLANG_WARN_QUOTED_INCLUDE_IN_FRAMEWORK_HEADER = YES;
				CLANG_WARN_RANGE_LOOP_ANALYSIS = YES;
				CLANG_WARN_STRICT_PROTOTYPES = YES;
				CLANG_WARN_SUSPICIOUS_MOVE = YES;
				CLANG_WARN_UNGUARDED_AVAILABILITY = YES_AGGRESSIVE;
				CLANG_WARN_UNREACHABLE_CODE = YES;
				CLANG_WARN__DUPLICATE_METHOD_MATCH = YES;
				COPY_PHASE_STRIP = NO;
				DEBUG_INFORMATION_FORMAT = "dwarf-with-dsym";
				ENABLE_NS_ASSERTIONS = NO;
				ENABLE_STRICT_OBJC_MSGSEND = YES;
				GCC_C_LANGUAGE_STANDARD = gnu11;
				GCC_NO_COMMON_BLOCKS = YES;
				GCC_WARN_64_TO_32_BIT_CONVERSION = YES;
				GCC_WARN_ABOUT_RETURN_TYPE = YES_ERROR;
				GCC_WARN_UNDECLARED_SELECTOR = YES;
				GCC_WARN_UNINITIALIZED_AUTOS = YES_AGGRESSIVE;
				GCC_WARN_UNUSED_FUNCTION = YES;
				GCC_WARN_UNUSED_VARIABLE = YES;
				IPHONEOS_DEPLOYMENT_TARGET = 16.2;
				MTL_ENABLE_DEBUG_INFO = NO;
				MTL_FAST_MATH = YES;
				SDKROOT = iphoneos;
				SWIFT_COMPILATION_MODE = wholemodule;
				SWIFT_OPTIMIZATION_LEVEL = "-O";
				VALIDATE_PRODUCT = YES;
			};
			name = Release;
		};
		DB00D1BF2A1272CF006E0AE4 /* Debug */ = {
			isa = XCBuildConfiguration;
			buildSettings = {
				ASSETCATALOG_COMPILER_APPICON_NAME = AppIcon;
				ASSETCATALOG_COMPILER_GLOBAL_ACCENT_COLOR_NAME = AccentColor;
				CODE_SIGN_STYLE = Automatic;
				CURRENT_PROJECT_VERSION = 1;
				GENERATE_INFOPLIST_FILE = YES;
				INFOPLIST_FILE = Cinemy/Info.plist;
				INFOPLIST_KEY_UIApplicationSupportsIndirectInputEvents = YES;
				INFOPLIST_KEY_UILaunchStoryboardName = LaunchScreen;
				INFOPLIST_KEY_UISupportedInterfaceOrientations_iPad = "UIInterfaceOrientationPortrait UIInterfaceOrientationPortraitUpsideDown UIInterfaceOrientationLandscapeLeft UIInterfaceOrientationLandscapeRight";
				INFOPLIST_KEY_UISupportedInterfaceOrientations_iPhone = "UIInterfaceOrientationPortrait UIInterfaceOrientationLandscapeLeft UIInterfaceOrientationLandscapeRight";
				LD_RUNPATH_SEARCH_PATHS = (
					"$(inherited)",
					"@executable_path/Frameworks",
				);
				MARKETING_VERSION = 1.0;
				PRODUCT_BUNDLE_IDENTIFIER = com.umitsimsek.Cinemy;
				PRODUCT_NAME = "$(TARGET_NAME)";
				SWIFT_EMIT_LOC_STRINGS = YES;
				SWIFT_VERSION = 5.0;
				TARGETED_DEVICE_FAMILY = "1,2";
			};
			name = Debug;
		};
		DB00D1C02A1272CF006E0AE4 /* Release */ = {
			isa = XCBuildConfiguration;
			buildSettings = {
				ASSETCATALOG_COMPILER_APPICON_NAME = AppIcon;
				ASSETCATALOG_COMPILER_GLOBAL_ACCENT_COLOR_NAME = AccentColor;
				CODE_SIGN_STYLE = Automatic;
				CURRENT_PROJECT_VERSION = 1;
				GENERATE_INFOPLIST_FILE = YES;
				INFOPLIST_FILE = Cinemy/Info.plist;
				INFOPLIST_KEY_UIApplicationSupportsIndirectInputEvents = YES;
				INFOPLIST_KEY_UILaunchStoryboardName = LaunchScreen;
				INFOPLIST_KEY_UISupportedInterfaceOrientations_iPad = "UIInterfaceOrientationPortrait UIInterfaceOrientationPortraitUpsideDown UIInterfaceOrientationLandscapeLeft UIInterfaceOrientationLandscapeRight";
				INFOPLIST_KEY_UISupportedInterfaceOrientations_iPhone = "UIInterfaceOrientationPortrait UIInterfaceOrientationLandscapeLeft UIInterfaceOrientationLandscapeRight";
				LD_RUNPATH_SEARCH_PATHS = (
					"$(inherited)",
					"@executable_path/Frameworks",
				);
				MARKETING_VERSION = 1.0;
				PRODUCT_BUNDLE_IDENTIFIER = com.umitsimsek.Cinemy;
				PRODUCT_NAME = "$(TARGET_NAME)";
				SWIFT_EMIT_LOC_STRINGS = YES;
				SWIFT_VERSION = 5.0;
				TARGETED_DEVICE_FAMILY = "1,2";
			};
			name = Release;
		};
/* End XCBuildConfiguration section */

/* Begin XCConfigurationList section */
		DB00D1A52A1272CE006E0AE4 /* Build configuration list for PBXProject "Cinemy" */ = {
			isa = XCConfigurationList;
			buildConfigurations = (
				DB00D1BC2A1272CF006E0AE4 /* Debug */,
				DB00D1BD2A1272CF006E0AE4 /* Release */,
			);
			defaultConfigurationIsVisible = 0;
			defaultConfigurationName = Release;
		};
		DB00D1BE2A1272CF006E0AE4 /* Build configuration list for PBXNativeTarget "Cinemy" */ = {
			isa = XCConfigurationList;
			buildConfigurations = (
				DB00D1BF2A1272CF006E0AE4 /* Debug */,
				DB00D1C02A1272CF006E0AE4 /* Release */,
			);
			defaultConfigurationIsVisible = 0;
			defaultConfigurationName = Release;
		};
/* End XCConfigurationList section */

/* Begin XCRemoteSwiftPackageReference section */
		DB6F295F2A13CF2500447DFA /* XCRemoteSwiftPackageReference "SDWebImage" */ = {
			isa = XCRemoteSwiftPackageReference;
			repositoryURL = "https://github.com/SDWebImage/SDWebImage.git";
			requirement = {
				branch = master;
				kind = branch;
			};
		};
/* End XCRemoteSwiftPackageReference section */

/* Begin XCSwiftPackageProductDependency section */
		DB6F29602A13CF2500447DFA /* SDWebImage */ = {
			isa = XCSwiftPackageProductDependency;
			package = DB6F295F2A13CF2500447DFA /* XCRemoteSwiftPackageReference "SDWebImage" */;
			productName = SDWebImage;
		};
		DB6F29622A13CF2500447DFA /* SDWebImageMapKit */ = {
			isa = XCSwiftPackageProductDependency;
			package = DB6F295F2A13CF2500447DFA /* XCRemoteSwiftPackageReference "SDWebImage" */;
			productName = SDWebImageMapKit;
		};
/* End XCSwiftPackageProductDependency section */
	};
	rootObject = DB00D1A22A1272CE006E0AE4 /* Project object */;
}
